<?xml version="1.0" encoding="utf-8"?>
<Project ToolsVersion="4.0" xmlns="http://schemas.microsoft.com/developer/msbuild/2003">
  <ItemGroup>
    <ClCompile Include="Health.cpp" />
    <ClCompile Include="stdafx.cpp" />
    <ClCompile Include="Collider.cpp">
      <Filter>BaseObjects</Filter>
    </ClCompile>
    <ClCompile Include="CollisionObject.cpp">
      <Filter>BaseObjects</Filter>
    </ClCompile>
    <ClCompile Include="GameObject.cpp">
      <Filter>BaseObjects</Filter>
    </ClCompile>
    <ClCompile Include="Game.cpp">
      <Filter>Main</Filter>
    </ClCompile>
    <ClCompile Include="GameWorld.cpp">
      <Filter>Main</Filter>
    </ClCompile>
    <ClCompile Include="RenderCommand.cpp">
      <Filter>BaseObjects</Filter>
    </ClCompile>
    <ClCompile Include="Sprite.cpp">
      <Filter>Utility</Filter>
    </ClCompile>
    <ClCompile Include="InputManager.cpp">
      <Filter>Singletons</Filter>
    </ClCompile>
    <ClCompile Include="Timer.cpp">
      <Filter>Singletons</Filter>
    </ClCompile>
    <ClCompile Include="Renderer.cpp">
      <Filter>Main</Filter>
    </ClCompile>
    <ClCompile Include="Player.cpp">
      <Filter>GameObjects\Player</Filter>
    </ClCompile>
    <ClCompile Include="Bullet.cpp">
      <Filter>GameObjects\Bullet</Filter>
    </ClCompile>
  </ItemGroup>
  <ItemGroup>
    <ClInclude Include="Health.h" />
    <ClInclude Include="resource.h" />
    <ClInclude Include="stdafx.h" />
    <ClInclude Include="targetver.h" />
    <ClInclude Include="Collider.h">
      <Filter>BaseObjects</Filter>
    </ClInclude>
    <ClInclude Include="CollisionObject.h">
      <Filter>BaseObjects</Filter>
    </ClInclude>
    <ClInclude Include="GameObject.h">
      <Filter>BaseObjects</Filter>
    </ClInclude>
    <ClInclude Include="Game.h">
      <Filter>Main</Filter>
    </ClInclude>
    <ClInclude Include="GameWorld.h">
      <Filter>Main</Filter>
    </ClInclude>
    <ClInclude Include="RenderCommand.h">
      <Filter>BaseObjects</Filter>
    </ClInclude>
    <ClInclude Include="Sprite.h">
      <Filter>Utility</Filter>
    </ClInclude>
    <ClInclude Include="InputManager.h">
      <Filter>Singletons</Filter>
    </ClInclude>
    <ClInclude Include="Timer.h">
      <Filter>Singletons</Filter>
    </ClInclude>
    <ClInclude Include="Renderer.h">
      <Filter>Main</Filter>
    </ClInclude>
    <ClInclude Include="Player.h">
      <Filter>GameObjects\Player</Filter>
    </ClInclude>
    <ClInclude Include="Bullet.h">
      <Filter>GameObjects\Bullet</Filter>
    </ClInclude>
    <ClInclude Include="macros.h">
      <Filter>Utility</Filter>
    </ClInclude>
  </ItemGroup>
  <ItemGroup>
    <Filter Include="BaseObjects">
      <UniqueIdentifier>{c8821333-31d0-4e7a-90ad-e946cd83c4f7}</UniqueIdentifier>
    </Filter>
    <Filter Include="Main">
      <UniqueIdentifier>{e96d45b3-f73f-456d-8ad0-6d7277eec0bd}</UniqueIdentifier>
    </Filter>
    <Filter Include="Utility">
      <UniqueIdentifier>{ff003c78-fd87-455e-a560-07cfe005a018}</UniqueIdentifier>
    </Filter>
    <Filter Include="Singletons">
      <UniqueIdentifier>{5484a4d1-0364-4dd7-b82b-959a359b4697}</UniqueIdentifier>
    </Filter>
    <Filter Include="GameObjects">
      <UniqueIdentifier>{d175409f-1030-4fc4-b029-53892a0b7275}</UniqueIdentifier>
    </Filter>
    <Filter Include="GameObjects\Player">
      <UniqueIdentifier>{7d9d6124-657a-45d5-ab6a-bdaf0e279578}</UniqueIdentifier>
    </Filter>
    <Filter Include="GameObjects\Bullet">
      <UniqueIdentifier>{26bb6712-e0f2-4673-962f-9699856729fd}</UniqueIdentifier>
    </Filter>
  </ItemGroup>
</Project>